
Microsoft Visual Studio Solution File, Format Version 12.00
# Visual Studio Version 17
VisualStudioVersion = 17.10.34928.147
MinimumVisualStudioVersion = 10.0.40219.1
Project("{FAE04EC0-301F-11D3-BF4B-00C04F79EFBC}") = "PaySlipMVC", "PaySlipMVC.csproj", "{AEE729EE-6187-4FE1-AB0E-93C60E127948}"
EndProject
Global
	GlobalSection(SolutionConfigurationPlatforms) = preSolution
		Debug|Any CPU = Debug|Any CPU
		Release|Any CPU = Release|Any CPU
	EndGlobalSection
	GlobalSection(ProjectConfigurationPlatforms) = postSolution
		{AEE729EE-6187-4FE1-AB0E-93C60E127948}.Debug|Any CPU.ActiveCfg = Debug|Any CPU
		{AEE729EE-6187-4FE1-AB0E-93C60E127948}.Debug|Any CPU.Build.0 = Debug|Any CPU
		{AEE729EE-6187-4FE1-AB0E-93C60E127948}.Release|Any CPU.ActiveCfg = Release|Any CPU
		{AEE729EE-6187-4FE1-AB0E-93C60E127948}.Release|Any CPU.Build.0 = Release|Any CPU
	EndGlobalSection
	GlobalSection(SolutionProperties) = preSolution
		HideSolutionNode = FALSE
	EndGlobalSection
	GlobalSection(ExtensibilityGlobals) = postSolution
		SolutionGuid = {E90A8CBD-2364-4245-A1E6-C5BB639668DC}
	EndGlobalSection
EndGlobal
